// !$*UTF8*$!
{
	archiveVersion = 1;
	classes = {
	};
	objectVersion = 46;
	objects = {

/* Begin PBXBuildFile section */
		DE1B70081E7D4D0F00ECABAC /* AppDelegate.swift in Sources */ = {isa = PBXBuildFile; fileRef = DE1B70071E7D4D0F00ECABAC /* AppDelegate.swift */; };
		DE1B700A1E7D4D0F00ECABAC /* ViewController.swift in Sources */ = {isa = PBXBuildFile; fileRef = DE1B70091E7D4D0F00ECABAC /* ViewController.swift */; };
		DE1B700D1E7D4D0F00ECABAC /* Main.storyboard in Resources */ = {isa = PBXBuildFile; fileRef = DE1B700B1E7D4D0F00ECABAC /* Main.storyboard */; };
		DE1B700F1E7D4D0F00ECABAC /* Assets.xcassets in Resources */ = {isa = PBXBuildFile; fileRef = DE1B700E1E7D4D0F00ECABAC /* Assets.xcassets */; };
		DE1B70121E7D4D1000ECABAC /* LaunchScreen.storyboard in Resources */ = {isa = PBXBuildFile; fileRef = DE1B70101E7D4D1000ECABAC /* LaunchScreen.storyboard */; };
		DE1B701A1E7D565600ECABAC /* HSImageSelection.swift in Sources */ = {isa = PBXBuildFile; fileRef = DE1B70191E7D565600ECABAC /* HSImageSelection.swift */; };
/* End PBXBuildFile section */

/* Begin PBXFileReference section */
		DE1B70041E7D4D0F00ECABAC /* ImageSelectionDemo.app */ = {isa = PBXFileReference; explicitFileType = wrapper.application; includeInIndex = 0; path = ImageSelectionDemo.app; sourceTree = BUILT_PRODUCTS_DIR; };
		DE1B70071E7D4D0F00ECABAC /* AppDelegate.swift */ = {isa = PBXFileReference; lastKnownFileType = sourcecode.swift; path = AppDelegate.swift; sourceTree = "<group>"; };
		DE1B70091E7D4D0F00ECABAC /* ViewController.swift */ = {isa = PBXFileReference; lastKnownFileType = sourcecode.swift; path = ViewController.swift; sourceTree = "<group>"; };
		DE1B700C1E7D4D0F00ECABAC /* Base */ = {isa = PBXFileReference; lastKnownFileType = file.storyboard; name = Base; path = Base.lproj/Main.storyboard; sourceTree = "<group>"; };
		DE1B700E1E7D4D0F00ECABAC /* Assets.xcassets */ = {isa = PBXFileReference; lastKnownFileType = folder.assetcatalog; path = Assets.xcassets; sourceTree = "<group>"; };
		DE1B70111E7D4D1000ECABAC /* Base */ = {isa = PBXFileReference; lastKnownFileType = file.storyboard; name = Base; path = Base.lproj/LaunchScreen.storyboard; sourceTree = "<group>"; };
		DE1B70131E7D4D1000ECABAC /* Info.plist */ = {isa = PBXFileReference; lastKnownFileType = text.plist.xml; path = Info.plist; sourceTree = "<group>"; };
		DE1B70191E7D565600ECABAC /* HSImageSelection.swift */ = {isa = PBXFileReference; fileEncoding = 4; lastKnownFileType = sourcecode.swift; path = HSImageSelection.swift; sourceTree = "<group>"; };
/* End PBXFileReference section */

/* Begin PBXFrameworksBuildPhase section */
		DE1B70011E7D4D0F00ECABAC /* Frameworks */ = {
			isa = PBXFrameworksBuildPhase;
			buildActionMask = 2147483647;
			files = (
			);
			runOnlyForDeploymentPostprocessing = 0;
		};
/* End PBXFrameworksBuildPhase section */

/* Begin PBXGroup section */
		DE1B6FFB1E7D4D0F00ECABAC = {
			isa = PBXGroup;
			children = (
				DE1B70061E7D4D0F00ECABAC /* ImageSelectionDemo */,
				DE1B70051E7D4D0F00ECABAC /* Products */,
			);
			sourceTree = "<group>";
		};
		DE1B70051E7D4D0F00ECABAC /* Products */ = {
			isa = PBXGroup;
			children = (
				DE1B70041E7D4D0F00ECABAC /* ImageSelectionDemo.app */,
			);
			name = Products;
			sourceTree = "<group>";
		};
		DE1B70061E7D4D0F00ECABAC /* ImageSelectionDemo */ = {
			isa = PBXGroup;
			children = (
				DE1B70071E7D4D0F00ECABAC /* AppDelegate.swift */,
				DE1B70091E7D4D0F00ECABAC /* ViewController.swift */,
				DE1B700B1E7D4D0F00ECABAC /* Main.storyboard */,
				DE1B70191E7D565600ECABAC /* HSImageSelection.swift */,
				DE1B700E1E7D4D0F00ECABAC /* Assets.xcassets */,
				DE1B70101E7D4D1000ECABAC /* LaunchScreen.storyboard */,
				DE1B70131E7D4D1000ECABAC /* Info.plist */,
			);
			path = ImageSelectionDemo;
			sourceTree = "<group>";
		};
/* End PBXGroup section */

/* Begin PBXNativeTarget section */
		DE1B70031E7D4D0F00ECABAC /* ImageSelectionDemo */ = {
			isa = PBXNativeTarget;
			buildConfigurationList = DE1B70161E7D4D1000ECABAC /* Build configuration list for PBXNativeTarget "ImageSelectionDemo" */;
			buildPhases = (
				DE1B70001E7D4D0F00ECABAC /* Sources */,
				DE1B70011E7D4D0F00ECABAC /* Frameworks */,
				DE1B70021E7D4D0F00ECABAC /* Resources */,
			);
			buildRules = (
			);
			dependencies = (
			);
			name = ImageSelectionDemo;
			productName = ImageSelectionDemo;
			productReference = DE1B70041E7D4D0F00ECABAC /* ImageSelectionDemo.app */;
			productType = "com.apple.product-type.application";
		};
/* End PBXNativeTarget section */

/* Begin PBXProject section */
		DE1B6FFC1E7D4D0F00ECABAC /* Project object */ = {
			isa = PBXProject;
			attributes = {
				LastSwiftUpdateCheck = 0820;
				LastUpgradeCheck = 0820;
				ORGANIZATIONNAME = "Hitendra Mac";
				TargetAttributes = {
					DE1B70031E7D4D0F00ECABAC = {
						CreatedOnToolsVersion = 8.2.1;
						ProvisioningStyle = Automatic;
					};
				};
			};
			buildConfigurationList = DE1B6FFF1E7D4D0F00ECABAC /* Build configuration list for PBXProject "ImageSelectionDemo" */;
			compatibilityVersion = "Xcode 3.2";
			developmentRegion = English;
			hasScannedForEncodings = 0;
			knownRegions = (
				en,
				Base,
			);
			mainGroup = DE1B6FFB1E7D4D0F00ECABAC;
			productRefGroup = DE1B70051E7D4D0F00ECABAC /* Products */;
			projectDirPath = "";
			projectRoot = "";
			targets = (
				DE1B70031E7D4D0F00ECABAC /* ImageSelectionDemo */,
			);
		};
/* End PBXProject section */

/* Begin PBXResourcesBuildPhase section */
		DE1B70021E7D4D0F00ECABAC /* Resources */ = {
			isa = PBXResourcesBuildPhase;
			buildActionMask = 2147483647;
			files = (
				DE1B70121E7D4D1000ECABAC /* LaunchScreen.storyboard in Resources */,
				DE1B700F1E7D4D0F00ECABAC /* Assets.xcassets in Resources */,
				DE1B700D1E7D4D0F00ECABAC /* Main.storyboard in Resources */,
			);
			runOnlyForDeploymentPostprocessing = 0;
		};
/* End PBXResourcesBuildPhase section */

/* Begin PBXSourcesBuildPhase section */
		DE1B70001E7D4D0F00ECABAC /* Sources */ = {
			isa = PBXSourcesBuildPhase;
			buildActionMask = 2147483647;
			files = (
				DE1B700A1E7D4D0F00ECABAC /* ViewController.swift in Sources */,
				DE1B701A1E7D565600ECABAC /* HSImageSelection.swift in Sources */,
				DE1B70081E7D4D0F00ECABAC /* AppDelegate.swift in Sources */,
			);
			runOnlyForDeploymentPostprocessing = 0;
		};
/* End PBXSourcesBuildPhase section */

/* Begin PBXVariantGroup section */
		DE1B700B1E7D4D0F00ECABAC /* Main.storyboard */ = {
			isa = PBXVariantGroup;
			children = (
				DE1B700C1E7D4D0F00ECABAC /* Base */,
			);
			name = Main.storyboard;
			sourceTree = "<group>";
		};
		DE1B70101E7D4D1000ECABAC /* LaunchScreen.storyboard */ = {
			isa = PBXVariantGroup;
			children = (
				DE1B70111E7D4D1000ECABAC /* Base */,
			);
			name = LaunchScreen.storyboard;
			sourceTree = "<group>";
		};
/* End PBXVariantGroup section */

/* Begin XCBuildConfiguration section */
		DE1B70141E7D4D1000ECABAC /* Debug */ = {
			isa = XCBuildConfiguration;
			buildSettings = {
				ALWAYS_SEARCH_USER_PATHS = NO;
				CLANG_ANALYZER_NONNULL = YES;
				CLANG_CXX_LANGUAGE_STANDARD = "gnu++0x";
				CLANG_CXX_LIBRARY = "libc++";
				CLANG_ENABLE_MODULES = YES;
				CLANG_ENABLE_OBJC_ARC = YES;
				CLANG_WARN_BOOL_CONVERSION = YES;
				CLANG_WARN_CONSTANT_CONVERSION = YES;
				CLANG_WARN_DIRECT_OBJC_ISA_USAGE = YES_ERROR;
				CLANG_WARN_DOCUMENTATION_COMMENTS = YES;
				CLANG_WARN_EMPTY_BODY = YES;
				CLANG_WARN_ENUM_CONVERSION = YES;
				CLANG_WARN_INFINITE_RECURSION = YES;
				CLANG_WARN_INT_CONVERSION = YES;
				CLANG_WARN_OBJC_ROOT_CLASS = YES_ERROR;
				CLANG_WARN_SUSPICIOUS_MOVE = YES;
				CLANG_WARN_UNREACHABLE_CODE = YES;
				CLANG_WARN__DUPLICATE_METHOD_MATCH = YES;
				"CODE_SIGN_IDENTITY[sdk=iphoneos*]" = "iPhone Developer";
				COPY_PHASE_STRIP = NO;
				DEBUG_INFORMATION_FORMAT = dwarf;
				ENABLE_STRICT_OBJC_MSGSEND = YES;
				ENABLE_TESTABILITY = YES;
				GCC_C_LANGUAGE_STANDARD = gnu99;
				GCC_DYNAMIC_NO_PIC = NO;
				GCC_NO_COMMON_BLOCKS = YES;
				GCC_OPTIMIZATION_LEVEL = 0;
				GCC_PREPROCESSOR_DEFINITIONS = (
					"DEBUG=1",
					"$(inherited)",
				);
				GCC_WARN_64_TO_32_BIT_CONVERSION = YES;
				GCC_WARN_ABOUT_RETURN_TYPE = YES_ERROR;
				GCC_WARN_UNDECLARED_SELECTOR = YES;
				GCC_WARN_UNINITIALIZED_AUTOS = YES_AGGRESSIVE;
				GCC_WARN_UNUSED_FUNCTION = YES;
				GCC_WARN_UNUSED_VARIABLE = YES;
				IPHONEOS_DEPLOYMENT_TARGET = 10.2;
				MTL_ENABLE_DEBUG_INFO = YES;
				ONLY_ACTIVE_ARCH = YES;
				SDKROOT = iphoneos;
				SWIFT_ACTIVE_COMPILATION_CONDITIONS = DEBUG;
				SWIFT_OPTIMIZATION_LEVEL = "-Onone";
			};
			name = Debug;
		};
		DE1B70151E7D4D1000ECABAC /* Release */ = {
			isa = XCBuildConfiguration;
			buildSettings = {
				ALWAYS_SEARCH_USER_PATHS = NO;
				CLANG_ANALYZER_NONNULL = YES;
				CLANG_CXX_LANGUAGE_STANDARD = "gnu++0x";
				CLANG_CXX_LIBRARY = "libc++";
				CLANG_ENABLE_MODULES = YES;
				CLANG_ENABLE_OBJC_ARC = YES;
				CLANG_WARN_BOOL_CONVERSION = YES;
				CLANG_WARN_CONSTANT_CONVERSION = YES;
				CLANG_WARN_DIRECT_OBJC_ISA_USAGE = YES_ERROR;
				CLANG_WARN_DOCUMENTATION_COMMENTS = YES;
				CLANG_WARN_EMPTY_BODY = YES;
				CLANG_WARN_ENUM_CONVERSION = YES;
				CLANG_WARN_INFINITE_RECURSION = YES;
				CLANG_WARN_INT_CONVERSION = YES;
				CLANG_WARN_OBJC_ROOT_CLASS = YES_ERROR;
				CLANG_WARN_SUSPICIOUS_MOVE = YES;
				CLANG_WARN_UNREACHABLE_CODE = YES;
				CLANG_WARN__DUPLICATE_METHOD_MATCH = YES;
				"CODE_SIGN_IDENTITY[sdk=iphoneos*]" = "iPhone Developer";
				COPY_PHASE_STRIP = NO;
				DEBUG_INFORMATION_FORMAT = "dwarf-with-dsym";
				ENABLE_NS_ASSERTIONS = NO;
				ENABLE_STRICT_OBJC_MSGSEND = YES;
				GCC_C_LANGUAGE_STANDARD = gnu99;
				GCC_NO_COMMON_BLOCKS = YES;
				GCC_WARN_64_TO_32_BIT_CONVERSION = YES;
				GCC_WARN_ABOUT_RETURN_TYPE = YES_ERROR;
				GCC_WARN_UNDECLARED_SELECTOR = YES;
				GCC_WARN_UNINITIALIZED_AUTOS = YES_AGGRESSIVE;
				GCC_WARN_UNUSED_FUNCTION = YES;
				GCC_WARN_UNUSED_VARIABLE = YES;
				IPHONEOS_DEPLOYMENT_TARGET = 10.2;
				MTL_ENABLE_DEBUG_INFO = NO;
				SDKROOT = iphoneos;
				SWIFT_OPTIMIZATION_LEVEL = "-Owholemodule";
				VALIDATE_PRODUCT = YES;
			};
			name = Release;
		};
		DE1B70171E7D4D1000ECABAC /* Debug */ = {
			isa = XCBuildConfiguration;
			buildSettings = {
				ASSETCATALOG_COMPILER_APPICON_NAME = AppIcon;
				INFOPLIST_FILE = ImageSelectionDemo/Info.plist;
				LD_RUNPATH_SEARCH_PATHS = "$(inherited) @executable_path/Frameworks";
				PRODUCT_BUNDLE_IDENTIFIER = com.spaceo.hitendra.ImageSelectionDemo;
				PRODUCT_NAME = "$(TARGET_NAME)";
				SWIFT_VERSION = 3.0;
			};
			name = Debug;
		};
		DE1B70181E7D4D1000ECABAC /* Release */ = {
			isa = XCBuildConfiguration;
			buildSettings = {
				ASSETCATALOG_COMPILER_APPICON_NAME = AppIcon;
				INFOPLIST_FILE = ImageSelectionDemo/Info.plist;
				LD_RUNPATH_SEARCH_PATHS = "$(inherited) @executable_path/Frameworks";
				PRODUCT_BUNDLE_IDENTIFIER = com.spaceo.hitendra.ImageSelectionDemo;
				PRODUCT_NAME = "$(TARGET_NAME)";
				SWIFT_VERSION = 3.0;
			};
			name = Release;
		};
/* End XCBuildConfiguration section */

/* Begin XCConfigurationList section */
		DE1B6FFF1E7D4D0F00ECABAC /* Build configuration list for PBXProject "ImageSelectionDemo" */ = {
			isa = XCConfigurationList;
			buildConfigurations = (
				DE1B70141E7D4D1000ECABAC /* Debug */,
				DE1B70151E7D4D1000ECABAC /* Release */,
			);
			defaultConfigurationIsVisible = 0;
			defaultConfigurationName = Release;
		};
		DE1B70161E7D4D1000ECABAC /* Build configuration list for PBXNativeTarget "ImageSelectionDemo" */ = {
			isa = XCConfigurationList;
			buildConfigurations = (
				DE1B70171E7D4D1000ECABAC /* Debug */,
				DE1B70181E7D4D1000ECABAC /* Release */,
			);
			defaultConfigurationIsVisible = 0;
		};
/* End XCConfigurationList section */
	};
	rootObject = DE1B6FFC1E7D4D0F00ECABAC /* Project object */;
}
